// !$*UTF8*$!
{
	archiveVersion = 1;
	classes = {
	};
	objectVersion = 56;
	objects = {

/* Begin PBXBuildFile section */
		724184842A2A1FF100D42D52 /* WeatherTaskApp.swift in Sources */ = {isa = PBXBuildFile; fileRef = 724184832A2A1FF100D42D52 /* WeatherTaskApp.swift */; };
		724184862A2A1FF100D42D52 /* ContentView.swift in Sources */ = {isa = PBXBuildFile; fileRef = 724184852A2A1FF100D42D52 /* ContentView.swift */; };
		724184882A2A1FFA00D42D52 /* Assets.xcassets in Resources */ = {isa = PBXBuildFile; fileRef = 724184872A2A1FFA00D42D52 /* Assets.xcassets */; };
		7241848B2A2A1FFA00D42D52 /* Preview Assets.xcassets in Resources */ = {isa = PBXBuildFile; fileRef = 7241848A2A2A1FFA00D42D52 /* Preview Assets.xcassets */; };
		724184932A2A214000D42D52 /* LocationManager.swift in Sources */ = {isa = PBXBuildFile; fileRef = 724184922A2A214000D42D52 /* LocationManager.swift */; };
		724184962A2A231800D42D52 /* HomeView.swift in Sources */ = {isa = PBXBuildFile; fileRef = 724184952A2A231800D42D52 /* HomeView.swift */; };
		724184982A2A2ACB00D42D52 /* LoadingView.swift in Sources */ = {isa = PBXBuildFile; fileRef = 724184972A2A2ACB00D42D52 /* LoadingView.swift */; };
		7241849A2A2A326000D42D52 /* WeatherAPI.swift in Sources */ = {isa = PBXBuildFile; fileRef = 724184992A2A326000D42D52 /* WeatherAPI.swift */; };
		7241849C2A2A38D700D42D52 /* WeatherView.swift in Sources */ = {isa = PBXBuildFile; fileRef = 7241849B2A2A38D700D42D52 /* WeatherView.swift */; };
/* End PBXBuildFile section */

/* Begin PBXFileReference section */
		724184802A2A1FF100D42D52 /* WeatherTask.app */ = {isa = PBXFileReference; explicitFileType = wrapper.application; includeInIndex = 0; path = WeatherTask.app; sourceTree = BUILT_PRODUCTS_DIR; };
		724184832A2A1FF100D42D52 /* WeatherTaskApp.swift */ = {isa = PBXFileReference; lastKnownFileType = sourcecode.swift; path = WeatherTaskApp.swift; sourceTree = "<group>"; };
		724184852A2A1FF100D42D52 /* ContentView.swift */ = {isa = PBXFileReference; lastKnownFileType = sourcecode.swift; path = ContentView.swift; sourceTree = "<group>"; };
		724184872A2A1FFA00D42D52 /* Assets.xcassets */ = {isa = PBXFileReference; lastKnownFileType = folder.assetcatalog; path = Assets.xcassets; sourceTree = "<group>"; };
		7241848A2A2A1FFA00D42D52 /* Preview Assets.xcassets */ = {isa = PBXFileReference; lastKnownFileType = folder.assetcatalog; path = "Preview Assets.xcassets"; sourceTree = "<group>"; };
		724184922A2A214000D42D52 /* LocationManager.swift */ = {isa = PBXFileReference; lastKnownFileType = sourcecode.swift; path = LocationManager.swift; sourceTree = "<group>"; };
		724184952A2A231800D42D52 /* HomeView.swift */ = {isa = PBXFileReference; lastKnownFileType = sourcecode.swift; path = HomeView.swift; sourceTree = "<group>"; };
		724184972A2A2ACB00D42D52 /* LoadingView.swift */ = {isa = PBXFileReference; lastKnownFileType = sourcecode.swift; path = LoadingView.swift; sourceTree = "<group>"; };
		724184992A2A326000D42D52 /* WeatherAPI.swift */ = {isa = PBXFileReference; lastKnownFileType = sourcecode.swift; path = WeatherAPI.swift; sourceTree = "<group>"; };
		7241849B2A2A38D700D42D52 /* WeatherView.swift */ = {isa = PBXFileReference; lastKnownFileType = sourcecode.swift; path = WeatherView.swift; sourceTree = "<group>"; };
/* End PBXFileReference section */

/* Begin PBXFrameworksBuildPhase section */
		7241847D2A2A1FF100D42D52 /* Frameworks */ = {
			isa = PBXFrameworksBuildPhase;
			buildActionMask = 2147483647;
			files = (
			);
			runOnlyForDeploymentPostprocessing = 0;
		};
/* End PBXFrameworksBuildPhase section */

/* Begin PBXGroup section */
		724184772A2A1FF100D42D52 = {
			isa = PBXGroup;
			children = (
				724184822A2A1FF100D42D52 /* WeatherTask */,
				724184812A2A1FF100D42D52 /* Products */,
			);
			sourceTree = "<group>";
		};
		724184812A2A1FF100D42D52 /* Products */ = {
			isa = PBXGroup;
			children = (
				724184802A2A1FF100D42D52 /* WeatherTask.app */,
			);
			name = Products;
			sourceTree = "<group>";
		};
		724184822A2A1FF100D42D52 /* WeatherTask */ = {
			isa = PBXGroup;
			children = (
				724184832A2A1FF100D42D52 /* WeatherTaskApp.swift */,
				724184942A2A224600D42D52 /* Views */,
				724184912A2A212300D42D52 /* Manager */,
				724184872A2A1FFA00D42D52 /* Assets.xcassets */,
				724184892A2A1FFA00D42D52 /* Preview Content */,
			);
			path = WeatherTask;
			sourceTree = "<group>";
		};
		724184892A2A1FFA00D42D52 /* Preview Content */ = {
			isa = PBXGroup;
			children = (
				7241848A2A2A1FFA00D42D52 /* Preview Assets.xcassets */,
			);
			path = "Preview Content";
			sourceTree = "<group>";
		};
		724184912A2A212300D42D52 /* Manager */ = {
			isa = PBXGroup;
			children = (
				724184922A2A214000D42D52 /* LocationManager.swift */,
				724184992A2A326000D42D52 /* WeatherAPI.swift */,
			);
			path = Manager;
			sourceTree = "<group>";
		};
		724184942A2A224600D42D52 /* Views */ = {
			isa = PBXGroup;
			children = (
				724184852A2A1FF100D42D52 /* ContentView.swift */,
				724184952A2A231800D42D52 /* HomeView.swift */,
				724184972A2A2ACB00D42D52 /* LoadingView.swift */,
				7241849B2A2A38D700D42D52 /* WeatherView.swift */,
			);
			path = Views;
			sourceTree = "<group>";
		};
/* End PBXGroup section */

/* Begin PBXNativeTarget section */
		7241847F2A2A1FF100D42D52 /* WeatherTask */ = {
			isa = PBXNativeTarget;
			buildConfigurationList = 7241848E2A2A1FFA00D42D52 /* Build configuration list for PBXNativeTarget "WeatherTask" */;
			buildPhases = (
				7241847C2A2A1FF100D42D52 /* Sources */,
				7241847D2A2A1FF100D42D52 /* Frameworks */,
				7241847E2A2A1FF100D42D52 /* Resources */,
			);
			buildRules = (
			);
			dependencies = (
			);
			name = WeatherTask;
			productName = WeatherTask;
			productReference = 724184802A2A1FF100D42D52 /* WeatherTask.app */;
			productType = "com.apple.product-type.application";
		};
/* End PBXNativeTarget section */

/* Begin PBXProject section */
		724184782A2A1FF100D42D52 /* Project object */ = {
			isa = PBXProject;
			attributes = {
				BuildIndependentTargetsInParallel = 1;
				LastSwiftUpdateCheck = 1430;
				LastUpgradeCheck = 1430;
				TargetAttributes = {
					7241847F2A2A1FF100D42D52 = {
						CreatedOnToolsVersion = 14.3;
					};
				};
			};
			buildConfigurationList = 7241847B2A2A1FF100D42D52 /* Build configuration list for PBXProject "WeatherTask" */;
			compatibilityVersion = "Xcode 14.0";
			developmentRegion = en;
			hasScannedForEncodings = 0;
			knownRegions = (
				en,
				Base,
			);
			mainGroup = 724184772A2A1FF100D42D52;
			productRefGroup = 724184812A2A1FF100D42D52 /* Products */;
			projectDirPath = "";
			projectRoot = "";
			targets = (
				7241847F2A2A1FF100D42D52 /* WeatherTask */,
			);
		};
/* End PBXProject section */

/* Begin PBXResourcesBuildPhase section */
		7241847E2A2A1FF100D42D52 /* Resources */ = {
			isa = PBXResourcesBuildPhase;
			buildActionMask = 2147483647;
			files = (
				7241848B2A2A1FFA00D42D52 /* Preview Assets.xcassets in Resources */,
				724184882A2A1FFA00D42D52 /* Assets.xcassets in Resources */,
			);
			runOnlyForDeploymentPostprocessing = 0;
		};
/* End PBXResourcesBuildPhase section */

/* Begin PBXSourcesBuildPhase section */
		7241847C2A2A1FF100D42D52 /* Sources */ = {
			isa = PBXSourcesBuildPhase;
			buildActionMask = 2147483647;
			files = (
				724184862A2A1FF100D42D52 /* ContentView.swift in Sources */,
				724184962A2A231800D42D52 /* HomeView.swift in Sources */,
				724184842A2A1FF100D42D52 /* WeatherTaskApp.swift in Sources */,
				7241849A2A2A326000D42D52 /* WeatherAPI.swift in Sources */,
				724184982A2A2ACB00D42D52 /* LoadingView.swift in Sources */,
				7241849C2A2A38D700D42D52 /* WeatherView.swift in Sources */,
				724184932A2A214000D42D52 /* LocationManager.swift in Sources */,
			);
			runOnlyForDeploymentPostprocessing = 0;
		};
/* End PBXSourcesBuildPhase section */

/* Begin XCBuildConfiguration section */
		7241848C2A2A1FFA00D42D52 /* Debug */ = {
			isa = XCBuildConfiguration;
			buildSettings = {
				ALWAYS_SEARCH_USER_PATHS = NO;
				CLANG_ANALYZER_NONNULL = YES;
				CLANG_ANALYZER_NUMBER_OBJECT_CONVERSION = YES_AGGRESSIVE;
				CLANG_CXX_LANGUAGE_STANDARD = "gnu++20";
				CLANG_ENABLE_MODULES = YES;
				CLANG_ENABLE_OBJC_ARC = YES;
				CLANG_ENABLE_OBJC_WEAK = YES;
				CLANG_WARN_BLOCK_CAPTURE_AUTORELEASING = YES;
				CLANG_WARN_BOOL_CONVERSION = YES;
				CLANG_WARN_COMMA = YES;
				CLANG_WARN_CONSTANT_CONVERSION = YES;
				CLANG_WARN_DEPRECATED_OBJC_IMPLEMENTATIONS = YES;
				CLANG_WARN_DIRECT_OBJC_ISA_USAGE = YES_ERROR;
				CLANG_WARN_DOCUMENTATION_COMMENTS = YES;
				CLANG_WARN_EMPTY_BODY = YES;
				CLANG_WARN_ENUM_CONVERSION = YES;
				CLANG_WARN_INFINITE_RECURSION = YES;
				CLANG_WARN_INT_CONVERSION = YES;
				CLANG_WARN_NON_LITERAL_NULL_CONVERSION = YES;
				CLANG_WARN_OBJC_IMPLICIT_RETAIN_SELF = YES;
				CLANG_WARN_OBJC_LITERAL_CONVERSION = YES;
				CLANG_WARN_OBJC_ROOT_CLASS = YES_ERROR;
				CLANG_WARN_QUOTED_INCLUDE_IN_FRAMEWORK_HEADER = YES;
				CLANG_WARN_RANGE_LOOP_ANALYSIS = YES;
				CLANG_WARN_STRICT_PROTOTYPES = YES;
				CLANG_WARN_SUSPICIOUS_MOVE = YES;
				CLANG_WARN_UNGUARDED_AVAILABILITY = YES_AGGRESSIVE;
				CLANG_WARN_UNREACHABLE_CODE = YES;
				CLANG_WARN__DUPLICATE_METHOD_MATCH = YES;
				COPY_PHASE_STRIP = NO;
				DEBUG_INFORMATION_FORMAT = dwarf;
				ENABLE_STRICT_OBJC_MSGSEND = YES;
				ENABLE_TESTABILITY = YES;
				GCC_C_LANGUAGE_STANDARD = gnu11;
				GCC_DYNAMIC_NO_PIC = NO;
				GCC_NO_COMMON_BLOCKS = YES;
				GCC_OPTIMIZATION_LEVEL = 0;
				GCC_PREPROCESSOR_DEFINITIONS = (
					"DEBUG=1",
					"$(inherited)",
				);
				GCC_WARN_64_TO_32_BIT_CONVERSION = YES;
				GCC_WARN_ABOUT_RETURN_TYPE = YES_ERROR;
				GCC_WARN_UNDECLARED_SELECTOR = YES;
				GCC_WARN_UNINITIALIZED_AUTOS = YES_AGGRESSIVE;
				GCC_WARN_UNUSED_FUNCTION = YES;
				GCC_WARN_UNUSED_VARIABLE = YES;
				IPHONEOS_DEPLOYMENT_TARGET = 16.4;
				MTL_ENABLE_DEBUG_INFO = INCLUDE_SOURCE;
				MTL_FAST_MATH = YES;
				ONLY_ACTIVE_ARCH = YES;
				SDKROOT = iphoneos;
				SWIFT_ACTIVE_COMPILATION_CONDITIONS = DEBUG;
				SWIFT_OPTIMIZATION_LEVEL = "-Onone";
			};
			name = Debug;
		};
		7241848D2A2A1FFA00D42D52 /* Release */ = {
			isa = XCBuildConfiguration;
			buildSettings = {
				ALWAYS_SEARCH_USER_PATHS = NO;
				CLANG_ANALYZER_NONNULL = YES;
				CLANG_ANALYZER_NUMBER_OBJECT_CONVERSION = YES_AGGRESSIVE;
				CLANG_CXX_LANGUAGE_STANDARD = "gnu++20";
				CLANG_ENABLE_MODULES = YES;
				CLANG_ENABLE_OBJC_ARC = YES;
				CLANG_ENABLE_OBJC_WEAK = YES;
				CLANG_WARN_BLOCK_CAPTURE_AUTORELEASING = YES;
				CLANG_WARN_BOOL_CONVERSION = YES;
				CLANG_WARN_COMMA = YES;
				CLANG_WARN_CONSTANT_CONVERSION = YES;
				CLANG_WARN_DEPRECATED_OBJC_IMPLEMENTATIONS = YES;
				CLANG_WARN_DIRECT_OBJC_ISA_USAGE = YES_ERROR;
				CLANG_WARN_DOCUMENTATION_COMMENTS = YES;
				CLANG_WARN_EMPTY_BODY = YES;
				CLANG_WARN_ENUM_CONVERSION = YES;
				CLANG_WARN_INFINITE_RECURSION = YES;
				CLANG_WARN_INT_CONVERSION = YES;
				CLANG_WARN_NON_LITERAL_NULL_CONVERSION = YES;
				CLANG_WARN_OBJC_IMPLICIT_RETAIN_SELF = YES;
				CLANG_WARN_OBJC_LITERAL_CONVERSION = YES;
				CLANG_WARN_OBJC_ROOT_CLASS = YES_ERROR;
				CLANG_WARN_QUOTED_INCLUDE_IN_FRAMEWORK_HEADER = YES;
				CLANG_WARN_RANGE_LOOP_ANALYSIS = YES;
				CLANG_WARN_STRICT_PROTOTYPES = YES;
				CLANG_WARN_SUSPICIOUS_MOVE = YES;
				CLANG_WARN_UNGUARDED_AVAILABILITY = YES_AGGRESSIVE;
				CLANG_WARN_UNREACHABLE_CODE = YES;
				CLANG_WARN__DUPLICATE_METHOD_MATCH = YES;
				COPY_PHASE_STRIP = NO;
				DEBUG_INFORMATION_FORMAT = "dwarf-with-dsym";
				ENABLE_NS_ASSERTIONS = NO;
				ENABLE_STRICT_OBJC_MSGSEND = YES;
				GCC_C_LANGUAGE_STANDARD = gnu11;
				GCC_NO_COMMON_BLOCKS = YES;
				GCC_WARN_64_TO_32_BIT_CONVERSION = YES;
				GCC_WARN_ABOUT_RETURN_TYPE = YES_ERROR;
				GCC_WARN_UNDECLARED_SELECTOR = YES;
				GCC_WARN_UNINITIALIZED_AUTOS = YES_AGGRESSIVE;
				GCC_WARN_UNUSED_FUNCTION = YES;
				GCC_WARN_UNUSED_VARIABLE = YES;
				IPHONEOS_DEPLOYMENT_TARGET = 16.4;
				MTL_ENABLE_DEBUG_INFO = NO;
				MTL_FAST_MATH = YES;
				SDKROOT = iphoneos;
				SWIFT_COMPILATION_MODE = wholemodule;
				SWIFT_OPTIMIZATION_LEVEL = "-O";
				VALIDATE_PRODUCT = YES;
			};
			name = Release;
		};
		7241848F2A2A1FFA00D42D52 /* Debug */ = {
			isa = XCBuildConfiguration;
			buildSettings = {
				ASSETCATALOG_COMPILER_APPICON_NAME = AppIcon;
				ASSETCATALOG_COMPILER_GLOBAL_ACCENT_COLOR_NAME = AccentColor;
				CODE_SIGN_STYLE = Automatic;
				CURRENT_PROJECT_VERSION = 1;
				DEVELOPMENT_ASSET_PATHS = "\"WeatherTask/Preview Content\"";
				DEVELOPMENT_TEAM = 7MJQ4H625Q;
				ENABLE_PREVIEWS = YES;
				GENERATE_INFOPLIST_FILE = YES;
				INFOPLIST_KEY_UIApplicationSceneManifest_Generation = YES;
				INFOPLIST_KEY_UIApplicationSupportsIndirectInputEvents = YES;
				INFOPLIST_KEY_UILaunchScreen_Generation = YES;
				INFOPLIST_KEY_UISupportedInterfaceOrientations_iPad = "UIInterfaceOrientationPortrait UIInterfaceOrientationPortraitUpsideDown UIInterfaceOrientationLandscapeLeft UIInterfaceOrientationLandscapeRight";
				INFOPLIST_KEY_UISupportedInterfaceOrientations_iPhone = "UIInterfaceOrientationPortrait UIInterfaceOrientationLandscapeLeft UIInterfaceOrientationLandscapeRight";
				LD_RUNPATH_SEARCH_PATHS = (
					"$(inherited)",
					"@executable_path/Frameworks",
				);
				MARKETING_VERSION = 1.0;
				PRODUCT_BUNDLE_IDENTIFIER = cc9.WeatherTask;
				PRODUCT_NAME = "$(TARGET_NAME)";
				SWIFT_EMIT_LOC_STRINGS = YES;
				SWIFT_VERSION = 5.0;
				TARGETED_DEVICE_FAMILY = "1,2";
			};
			name = Debug;
		};
		724184902A2A1FFA00D42D52 /* Release */ = {
			isa = XCBuildConfiguration;
			buildSettings = {
				ASSETCATALOG_COMPILER_APPICON_NAME = AppIcon;
				ASSETCATALOG_COMPILER_GLOBAL_ACCENT_COLOR_NAME = AccentColor;
				CODE_SIGN_STYLE = Automatic;
				CURRENT_PROJECT_VERSION = 1;
				DEVELOPMENT_ASSET_PATHS = "\"WeatherTask/Preview Content\"";
				DEVELOPMENT_TEAM = 7MJQ4H625Q;
				ENABLE_PREVIEWS = YES;
				GENERATE_INFOPLIST_FILE = YES;
				INFOPLIST_KEY_UIApplicationSceneManifest_Generation = YES;
				INFOPLIST_KEY_UIApplicationSupportsIndirectInputEvents = YES;
				INFOPLIST_KEY_UILaunchScreen_Generation = YES;
				INFOPLIST_KEY_UISupportedInterfaceOrientations_iPad = "UIInterfaceOrientationPortrait UIInterfaceOrientationPortraitUpsideDown UIInterfaceOrientationLandscapeLeft UIInterfaceOrientationLandscapeRight";
				INFOPLIST_KEY_UISupportedInterfaceOrientations_iPhone = "UIInterfaceOrientationPortrait UIInterfaceOrientationLandscapeLeft UIInterfaceOrientationLandscapeRight";
				LD_RUNPATH_SEARCH_PATHS = (
					"$(inherited)",
					"@executable_path/Frameworks",
				);
				MARKETING_VERSION = 1.0;
				PRODUCT_BUNDLE_IDENTIFIER = cc9.WeatherTask;
				PRODUCT_NAME = "$(TARGET_NAME)";
				SWIFT_EMIT_LOC_STRINGS = YES;
				SWIFT_VERSION = 5.0;
				TARGETED_DEVICE_FAMILY = "1,2";
			};
			name = Release;
		};
/* End XCBuildConfiguration section */

/* Begin XCConfigurationList section */
		7241847B2A2A1FF100D42D52 /* Build configuration list for PBXProject "WeatherTask" */ = {
			isa = XCConfigurationList;
			buildConfigurations = (
				7241848C2A2A1FFA00D42D52 /* Debug */,
				7241848D2A2A1FFA00D42D52 /* Release */,
			);
			defaultConfigurationIsVisible = 0;
			defaultConfigurationName = Release;
		};
		7241848E2A2A1FFA00D42D52 /* Build configuration list for PBXNativeTarget "WeatherTask" */ = {
			isa = XCConfigurationList;
			buildConfigurations = (
				7241848F2A2A1FFA00D42D52 /* Debug */,
				724184902A2A1FFA00D42D52 /* Release */,
			);
			defaultConfigurationIsVisible = 0;
			defaultConfigurationName = Release;
		};
/* End XCConfigurationList section */
	};
	rootObject = 724184782A2A1FF100D42D52 /* Project object */;
}
